
Microsoft Visual Studio Solution File, Format Version 12.00
# Visual Studio Version 16
VisualStudioVersion = 16.0.29519.87
MinimumVisualStudioVersion = 10.0.40219.1
Project("{FAE04EC0-301F-11D3-BF4B-00C04F79EFBC}") = "sample-openshift-dotnet-poc", "sample-openshift-dotnet-poc.csproj", "{6109783C-E6B9-44AE-83B9-9492A80017C4}"
EndProject
Project("{FAE04EC0-301F-11D3-BF4B-00C04F79EFBC}") = "Sample.Repository", "..\Sample.Repository\Sample.Repository.csproj", "{3B2374D7-E983-46B5-A7C7-3712044D35EA}"
EndProject
Project("{FAE04EC0-301F-11D3-BF4B-00C04F79EFBC}") = "Sample.Data", "..\Sample.Data\Sample.Data.csproj", "{F213A57F-4D1C-4FA0-AF07-EB9CDF26AB8D}"
EndProject
Project("{FAE04EC0-301F-11D3-BF4B-00C04F79EFBC}") = "Sample.Services", "..\Sample.Services\Sample.Services.csproj", "{5F06DE16-011D-42DD-AEA8-72E41CF6E6C9}"
EndProject
Global
	GlobalSection(SolutionConfigurationPlatforms) = preSolution
		Debug|Any CPU = Debug|Any CPU
		Release|Any CPU = Release|Any CPU
	EndGlobalSection
	GlobalSection(ProjectConfigurationPlatforms) = postSolution
		{6109783C-E6B9-44AE-83B9-9492A80017C4}.Debug|Any CPU.ActiveCfg = Debug|Any CPU
		{6109783C-E6B9-44AE-83B9-9492A80017C4}.Debug|Any CPU.Build.0 = Debug|Any CPU
		{6109783C-E6B9-44AE-83B9-9492A80017C4}.Release|Any CPU.ActiveCfg = Release|Any CPU
		{6109783C-E6B9-44AE-83B9-9492A80017C4}.Release|Any CPU.Build.0 = Release|Any CPU
		{3B2374D7-E983-46B5-A7C7-3712044D35EA}.Debug|Any CPU.ActiveCfg = Debug|Any CPU
		{3B2374D7-E983-46B5-A7C7-3712044D35EA}.Debug|Any CPU.Build.0 = Debug|Any CPU
		{3B2374D7-E983-46B5-A7C7-3712044D35EA}.Release|Any CPU.ActiveCfg = Release|Any CPU
		{3B2374D7-E983-46B5-A7C7-3712044D35EA}.Release|Any CPU.Build.0 = Release|Any CPU
		{F213A57F-4D1C-4FA0-AF07-EB9CDF26AB8D}.Debug|Any CPU.ActiveCfg = Debug|Any CPU
		{F213A57F-4D1C-4FA0-AF07-EB9CDF26AB8D}.Debug|Any CPU.Build.0 = Debug|Any CPU
		{F213A57F-4D1C-4FA0-AF07-EB9CDF26AB8D}.Release|Any CPU.ActiveCfg = Release|Any CPU
		{F213A57F-4D1C-4FA0-AF07-EB9CDF26AB8D}.Release|Any CPU.Build.0 = Release|Any CPU
		{5F06DE16-011D-42DD-AEA8-72E41CF6E6C9}.Debug|Any CPU.ActiveCfg = Debug|Any CPU
		{5F06DE16-011D-42DD-AEA8-72E41CF6E6C9}.Debug|Any CPU.Build.0 = Debug|Any CPU
		{5F06DE16-011D-42DD-AEA8-72E41CF6E6C9}.Release|Any CPU.ActiveCfg = Release|Any CPU
		{5F06DE16-011D-42DD-AEA8-72E41CF6E6C9}.Release|Any CPU.Build.0 = Release|Any CPU
	EndGlobalSection
	GlobalSection(SolutionProperties) = preSolution
		HideSolutionNode = FALSE
	EndGlobalSection
	GlobalSection(ExtensibilityGlobals) = postSolution
		SolutionGuid = {ECC01D8E-8BDF-4BDF-885C-FC325B25DF22}
	EndGlobalSection
EndGlobal
